
Microsoft Visual Studio Solution File, Format Version 12.00
# Visual Studio Version 17
VisualStudioVersion = 17.14.36518.9 d17.14
MinimumVisualStudioVersion = 10.0.40219.1
Project("{FAE04EC0-301F-11D3-BF4B-00C04F79EFBC}") = "Hangman", "Hangman\Hangman.csproj", "{9B50789B-B109-48F5-973A-71389633D9DE}"
EndProject
Global
	GlobalSection(SolutionConfigurationPlatforms) = preSolution
		Debug|Any CPU = Debug|Any CPU
		Release|Any CPU = Release|Any CPU
	EndGlobalSection
	GlobalSection(ProjectConfigurationPlatforms) = postSolution
		{9B50789B-B109-48F5-973A-71389633D9DE}.Debug|Any CPU.ActiveCfg = Debug|Any CPU
		{9B50789B-B109-48F5-973A-71389633D9DE}.Debug|Any CPU.Build.0 = Debug|Any CPU
		{9B50789B-B109-48F5-973A-71389633D9DE}.Release|Any CPU.ActiveCfg = Release|Any CPU
		{9B50789B-B109-48F5-973A-71389633D9DE}.Release|Any CPU.Build.0 = Release|Any CPU
	EndGlobalSection
	GlobalSection(SolutionProperties) = preSolution
		HideSolutionNode = FALSE
	EndGlobalSection
	GlobalSection(ExtensibilityGlobals) = postSolution
		SolutionGuid = {02011250-F13A-4F6E-83E3-15C18120ADCB}
	EndGlobalSection
EndGlobal
